
Microsoft Visual Studio Solution File, Format Version 12.00
# Visual Studio Version 17
VisualStudioVersion = 17.13.35825.156 d17.13
MinimumVisualStudioVersion = 10.0.40219.1
Project("{FAE04EC0-301F-11D3-BF4B-00C04F79EFBC}") = "ETL", "ETL\ETL.csproj", "{4571A593-C88A-4A58-94D6-3B7786E6C2FF}"
EndProject
Global
	GlobalSection(SolutionConfigurationPlatforms) = preSolution
		Debug|Any CPU = Debug|Any CPU
		Release|Any CPU = Release|Any CPU
	EndGlobalSection
	GlobalSection(ProjectConfigurationPlatforms) = postSolution
		{4571A593-C88A-4A58-94D6-3B7786E6C2FF}.Debug|Any CPU.ActiveCfg = Debug|Any CPU
		{4571A593-C88A-4A58-94D6-3B7786E6C2FF}.Debug|Any CPU.Build.0 = Debug|Any CPU
		{4571A593-C88A-4A58-94D6-3B7786E6C2FF}.Release|Any CPU.ActiveCfg = Release|Any CPU
		{4571A593-C88A-4A58-94D6-3B7786E6C2FF}.Release|Any CPU.Build.0 = Release|Any CPU
	EndGlobalSection
	GlobalSection(SolutionProperties) = preSolution
		HideSolutionNode = FALSE
	EndGlobalSection
	GlobalSection(ExtensibilityGlobals) = postSolution
		SolutionGuid = {DA3CC4D8-FBE0-43F5-8C31-4702E716617F}
	EndGlobalSection
EndGlobal
